
Microsoft Visual Studio Solution File, Format Version 12.00
# Visual Studio Version 16
VisualStudioVersion = 25.0.1706.14
MinimumVisualStudioVersion = 10.0.40219.1
Project("{FAE04EC0-301F-11D3-BF4B-00C04F79EFBC}") = "CommandService", "CommandService.csproj", "{0C4F13C8-4497-400B-8EE4-EB31A5E5F959}"
EndProject
Global
	GlobalSection(SolutionConfigurationPlatforms) = preSolution
		Debug|Any CPU = Debug|Any CPU
		Release|Any CPU = Release|Any CPU
	EndGlobalSection
	GlobalSection(ProjectConfigurationPlatforms) = postSolution
		{0C4F13C8-4497-400B-8EE4-EB31A5E5F959}.Debug|Any CPU.ActiveCfg = Debug|Any CPU
		{0C4F13C8-4497-400B-8EE4-EB31A5E5F959}.Debug|Any CPU.Build.0 = Debug|Any CPU
		{0C4F13C8-4497-400B-8EE4-EB31A5E5F959}.Release|Any CPU.ActiveCfg = Release|Any CPU
		{0C4F13C8-4497-400B-8EE4-EB31A5E5F959}.Release|Any CPU.Build.0 = Release|Any CPU
	EndGlobalSection
	GlobalSection(SolutionProperties) = preSolution
		HideSolutionNode = FALSE
	EndGlobalSection
	GlobalSection(ExtensibilityGlobals) = postSolution
		SolutionGuid = {F6966DBB-C9D7-4CAB-A032-1311FB2E50FE}
	EndGlobalSection
EndGlobal
